Microsoft Visual Studio Solution File, Format Version 12.00
# Visual Studio 15
VisualStudioVersion = 15.0.27130.2027
MinimumVisualStudioVersion = 10.0.40219.1
Project("{2150E333-8FDC-42A3-9474-1A3956D46DE8}") = "src", "src", "{B1527069-FCE8-49E4-8A28-DE6E91A1C0D5}"
EndProject
Project("{2150E333-8FDC-42A3-9474-1A3956D46DE8}") = "Services", "Services", "{B2BC3329-493F-4261-A108-AE4093582A88}"
EndProject
Project("{2150E333-8FDC-42A3-9474-1A3956D46DE8}") = "Web Apps", "Web Apps", "{E46C29D5-1D22-45AE-B850-A4EDF9AE8792}"
EndProject
Project("{2150E333-8FDC-42A3-9474-1A3956D46DE8}") = "BuildingBlocks", "BuildingBlocks", "{0D1BD1A9-C094-4FBE-861A-61288BF1C50C}"
EndProject
Project("{2150E333-8FDC-42A3-9474-1A3956D46DE8}") = "test", "test", "{1FF80C3D-ED11-4CFB-A65F-311F3891DE35}"
EndProject
Project("{2150E333-8FDC-42A3-9474-1A3956D46DE8}") = "Identity", "Identity", "{337AE9B1-9E76-45BB-A474-3B2A995239B3}"
EndProject
Project("{9A19103F-16F7-4668-BE54-9A1E7A4F7556}") = "Identity.API", "src\Services\Identity\Identity.API\Identity.API.csproj", "{A4A1FE50-E5B9-4F91-A4C6-0C8B13544E5A}"
EndProject
Project("{2150E333-8FDC-42A3-9474-1A3956D46DE8}") = "Process", "Process", "{4F7558AF-9AF5-4A92-95C0-C88B57FC75A6}"
EndProject
Project("{9A19103F-16F7-4668-BE54-9A1E7A4F7556}") = "Application", "src\Services\Process\Application\Application.csproj", "{837EC861-89DF-4DDC-AAA5-73783CA8AA5E}"
EndProject
Project("{9A19103F-16F7-4668-BE54-9A1E7A4F7556}") = "Core", "src\Services\Process\Core\Core.csproj", "{8610F5E1-AC52-4F46-96BB-072F382D90A5}"
EndProject
Project("{9A19103F-16F7-4668-BE54-9A1E7A4F7556}") = "Infrastructure", "src\Services\Process\Infrastructure\Infrastructure.csproj", "{35DBDD24-9BE5-4071-8FAB-377296238542}"
EndProject
Global
	GlobalSection(SolutionConfigurationPlatforms) = preSolution
		Debug|Any CPU = Debug|Any CPU
		Debug|x64 = Debug|x64
		Debug|x86 = Debug|x86
		Release|Any CPU = Release|Any CPU
		Release|x64 = Release|x64
		Release|x86 = Release|x86
	EndGlobalSection
	GlobalSection(ProjectConfigurationPlatforms) = postSolution
		{A4A1FE50-E5B9-4F91-A4C6-0C8B13544E5A}.Debug|Any CPU.ActiveCfg = Debug|Any CPU
		{A4A1FE50-E5B9-4F91-A4C6-0C8B13544E5A}.Debug|Any CPU.Build.0 = Debug|Any CPU
		{A4A1FE50-E5B9-4F91-A4C6-0C8B13544E5A}.Debug|x64.ActiveCfg = Debug|Any CPU
		{A4A1FE50-E5B9-4F91-A4C6-0C8B13544E5A}.Debug|x64.Build.0 = Debug|Any CPU
		{A4A1FE50-E5B9-4F91-A4C6-0C8B13544E5A}.Debug|x86.ActiveCfg = Debug|Any CPU
		{A4A1FE50-E5B9-4F91-A4C6-0C8B13544E5A}.Debug|x86.Build.0 = Debug|Any CPU
		{A4A1FE50-E5B9-4F91-A4C6-0C8B13544E5A}.Release|Any CPU.ActiveCfg = Release|Any CPU
		{A4A1FE50-E5B9-4F91-A4C6-0C8B13544E5A}.Release|Any CPU.Build.0 = Release|Any CPU
		{A4A1FE50-E5B9-4F91-A4C6-0C8B13544E5A}.Release|x64.ActiveCfg = Release|Any CPU
		{A4A1FE50-E5B9-4F91-A4C6-0C8B13544E5A}.Release|x64.Build.0 = Release|Any CPU
		{A4A1FE50-E5B9-4F91-A4C6-0C8B13544E5A}.Release|x86.ActiveCfg = Release|Any CPU
		{A4A1FE50-E5B9-4F91-A4C6-0C8B13544E5A}.Release|x86.Build.0 = Release|Any CPU
		{837EC861-89DF-4DDC-AAA5-73783CA8AA5E}.Debug|Any CPU.ActiveCfg = Debug|Any CPU
		{837EC861-89DF-4DDC-AAA5-73783CA8AA5E}.Debug|Any CPU.Build.0 = Debug|Any CPU
		{837EC861-89DF-4DDC-AAA5-73783CA8AA5E}.Debug|x64.ActiveCfg = Debug|Any CPU
		{837EC861-89DF-4DDC-AAA5-73783CA8AA5E}.Debug|x64.Build.0 = Debug|Any CPU
		{837EC861-89DF-4DDC-AAA5-73783CA8AA5E}.Debug|x86.ActiveCfg = Debug|Any CPU
		{837EC861-89DF-4DDC-AAA5-73783CA8AA5E}.Debug|x86.Build.0 = Debug|Any CPU
		{837EC861-89DF-4DDC-AAA5-73783CA8AA5E}.Release|Any CPU.ActiveCfg = Release|Any CPU
		{837EC861-89DF-4DDC-AAA5-73783CA8AA5E}.Release|Any CPU.Build.0 = Release|Any CPU
		{837EC861-89DF-4DDC-AAA5-73783CA8AA5E}.Release|x64.ActiveCfg = Release|Any CPU
		{837EC861-89DF-4DDC-AAA5-73783CA8AA5E}.Release|x64.Build.0 = Release|Any CPU
		{837EC861-89DF-4DDC-AAA5-73783CA8AA5E}.Release|x86.ActiveCfg = Release|Any CPU
		{837EC861-89DF-4DDC-AAA5-73783CA8AA5E}.Release|x86.Build.0 = Release|Any CPU
		{8610F5E1-AC52-4F46-96BB-072F382D90A5}.Debug|Any CPU.ActiveCfg = Debug|Any CPU
		{8610F5E1-AC52-4F46-96BB-072F382D90A5}.Debug|Any CPU.Build.0 = Debug|Any CPU
		{8610F5E1-AC52-4F46-96BB-072F382D90A5}.Debug|x64.ActiveCfg = Debug|Any CPU
		{8610F5E1-AC52-4F46-96BB-072F382D90A5}.Debug|x64.Build.0 = Debug|Any CPU
		{8610F5E1-AC52-4F46-96BB-072F382D90A5}.Debug|x86.ActiveCfg = Debug|Any CPU
		{8610F5E1-AC52-4F46-96BB-072F382D90A5}.Debug|x86.Build.0 = Debug|Any CPU
		{8610F5E1-AC52-4F46-96BB-072F382D90A5}.Release|Any CPU.ActiveCfg = Release|Any CPU
		{8610F5E1-AC52-4F46-96BB-072F382D90A5}.Release|Any CPU.Build.0 = Release|Any CPU
		{8610F5E1-AC52-4F46-96BB-072F382D90A5}.Release|x64.ActiveCfg = Release|Any CPU
		{8610F5E1-AC52-4F46-96BB-072F382D90A5}.Release|x64.Build.0 = Release|Any CPU
		{8610F5E1-AC52-4F46-96BB-072F382D90A5}.Release|x86.ActiveCfg = Release|Any CPU
		{8610F5E1-AC52-4F46-96BB-072F382D90A5}.Release|x86.Build.0 = Release|Any CPU
		{35DBDD24-9BE5-4071-8FAB-377296238542}.Debug|Any CPU.ActiveCfg = Debug|Any CPU
		{35DBDD24-9BE5-4071-8FAB-377296238542}.Debug|Any CPU.Build.0 = Debug|Any CPU
		{35DBDD24-9BE5-4071-8FAB-377296238542}.Debug|x64.ActiveCfg = Debug|Any CPU
		{35DBDD24-9BE5-4071-8FAB-377296238542}.Debug|x64.Build.0 = Debug|Any CPU
		{35DBDD24-9BE5-4071-8FAB-377296238542}.Debug|x86.ActiveCfg = Debug|Any CPU
		{35DBDD24-9BE5-4071-8FAB-377296238542}.Debug|x86.Build.0 = Debug|Any CPU
		{35DBDD24-9BE5-4071-8FAB-377296238542}.Release|Any CPU.ActiveCfg = Release|Any CPU
		{35DBDD24-9BE5-4071-8FAB-377296238542}.Release|Any CPU.Build.0 = Release|Any CPU
		{35DBDD24-9BE5-4071-8FAB-377296238542}.Release|x64.ActiveCfg = Release|Any CPU
		{35DBDD24-9BE5-4071-8FAB-377296238542}.Release|x64.Build.0 = Release|Any CPU
		{35DBDD24-9BE5-4071-8FAB-377296238542}.Release|x86.ActiveCfg = Release|Any CPU
		{35DBDD24-9BE5-4071-8FAB-377296238542}.Release|x86.Build.0 = Release|Any CPU
	EndGlobalSection
	GlobalSection(SolutionProperties) = preSolution
		HideSolutionNode = FALSE
	EndGlobalSection
	GlobalSection(NestedProjects) = preSolution
		{B2BC3329-493F-4261-A108-AE4093582A88} = {B1527069-FCE8-49E4-8A28-DE6E91A1C0D5}
		{E46C29D5-1D22-45AE-B850-A4EDF9AE8792} = {B1527069-FCE8-49E4-8A28-DE6E91A1C0D5}
		{0D1BD1A9-C094-4FBE-861A-61288BF1C50C} = {B1527069-FCE8-49E4-8A28-DE6E91A1C0D5}
		{337AE9B1-9E76-45BB-A474-3B2A995239B3} = {B2BC3329-493F-4261-A108-AE4093582A88}
		{A4A1FE50-E5B9-4F91-A4C6-0C8B13544E5A} = {337AE9B1-9E76-45BB-A474-3B2A995239B3}
		{4F7558AF-9AF5-4A92-95C0-C88B57FC75A6} = {B2BC3329-493F-4261-A108-AE4093582A88}
		{837EC861-89DF-4DDC-AAA5-73783CA8AA5E} = {4F7558AF-9AF5-4A92-95C0-C88B57FC75A6}
		{8610F5E1-AC52-4F46-96BB-072F382D90A5} = {4F7558AF-9AF5-4A92-95C0-C88B57FC75A6}
		{35DBDD24-9BE5-4071-8FAB-377296238542} = {4F7558AF-9AF5-4A92-95C0-C88B57FC75A6}
	EndGlobalSection
	GlobalSection(ExtensibilityGlobals) = postSolution
		SolutionGuid = {B606C46C-5C9C-4401-9C81-6192E745B94A}
	EndGlobalSection
EndGlobal
